// !$*UTF8*$!
{
	archiveVersion = 1;
	classes = {
	};
	objectVersion = 48;
	objects = {

/* Begin PBXBuildFile section */
		256100651F87844600C41C06 /* AppDelegate.swift in Sources */ = {isa = PBXBuildFile; fileRef = 256100641F87844600C41C06 /* AppDelegate.swift */; };
		256100671F87844600C41C06 /* ViewController.swift in Sources */ = {isa = PBXBuildFile; fileRef = 256100661F87844600C41C06 /* ViewController.swift */; };
		2561006A1F87844600C41C06 /* Main.storyboard in Resources */ = {isa = PBXBuildFile; fileRef = 256100681F87844600C41C06 /* Main.storyboard */; };
		2561006D1F87844600C41C06 /* CalcV3_0.xcdatamodeld in Sources */ = {isa = PBXBuildFile; fileRef = 2561006B1F87844600C41C06 /* CalcV3_0.xcdatamodeld */; };
		2561006F1F87844600C41C06 /* Assets.xcassets in Resources */ = {isa = PBXBuildFile; fileRef = 2561006E1F87844600C41C06 /* Assets.xcassets */; };
		256100721F87844600C41C06 /* LaunchScreen.storyboard in Resources */ = {isa = PBXBuildFile; fileRef = 256100701F87844600C41C06 /* LaunchScreen.storyboard */; };
		2561007A1F87B51000C41C06 /* CalculatorBrain.swift in Sources */ = {isa = PBXBuildFile; fileRef = 256100791F87B51000C41C06 /* CalculatorBrain.swift */; };
		2561007C1F87B5F400C41C06 /* OutputViewController.swift in Sources */ = {isa = PBXBuildFile; fileRef = 2561007B1F87B5F400C41C06 /* OutputViewController.swift */; };
		2561007E1F87B75400C41C06 /* InputDigitsViewController.swift in Sources */ = {isa = PBXBuildFile; fileRef = 2561007D1F87B75400C41C06 /* InputDigitsViewController.swift */; };
		256100821F87BE4300C41C06 /* DigitsDelegate.swift in Sources */ = {isa = PBXBuildFile; fileRef = 256100811F87BE4300C41C06 /* DigitsDelegate.swift */; };
		258CF41E1F8E396700987E14 /* RoundedButton.swift in Sources */ = {isa = PBXBuildFile; fileRef = 258CF41D1F8E396700987E14 /* RoundedButton.swift */; };
		258CF4201F8E50B300987E14 /* RoundedLabel.swift in Sources */ = {isa = PBXBuildFile; fileRef = 258CF41F1F8E50B300987E14 /* RoundedLabel.swift */; };
/* End PBXBuildFile section */

/* Begin PBXFileReference section */
		256100611F87844600C41C06 /* CalcV3_0.app */ = {isa = PBXFileReference; explicitFileType = wrapper.application; includeInIndex = 0; path = CalcV3_0.app; sourceTree = BUILT_PRODUCTS_DIR; };
		256100641F87844600C41C06 /* AppDelegate.swift */ = {isa = PBXFileReference; lastKnownFileType = sourcecode.swift; path = AppDelegate.swift; sourceTree = "<group>"; };
		256100661F87844600C41C06 /* ViewController.swift */ = {isa = PBXFileReference; lastKnownFileType = sourcecode.swift; path = ViewController.swift; sourceTree = "<group>"; };
		256100691F87844600C41C06 /* Base */ = {isa = PBXFileReference; lastKnownFileType = file.storyboard; name = Base; path = Base.lproj/Main.storyboard; sourceTree = "<group>"; };
		2561006C1F87844600C41C06 /* CalcV3_0.xcdatamodel */ = {isa = PBXFileReference; lastKnownFileType = wrapper.xcdatamodel; path = CalcV3_0.xcdatamodel; sourceTree = "<group>"; };
		2561006E1F87844600C41C06 /* Assets.xcassets */ = {isa = PBXFileReference; lastKnownFileType = folder.assetcatalog; path = Assets.xcassets; sourceTree = "<group>"; };
		256100711F87844600C41C06 /* Base */ = {isa = PBXFileReference; lastKnownFileType = file.storyboard; name = Base; path = Base.lproj/LaunchScreen.storyboard; sourceTree = "<group>"; };
		256100731F87844600C41C06 /* Info.plist */ = {isa = PBXFileReference; lastKnownFileType = text.plist.xml; path = Info.plist; sourceTree = "<group>"; };
		256100791F87B51000C41C06 /* CalculatorBrain.swift */ = {isa = PBXFileReference; lastKnownFileType = sourcecode.swift; path = CalculatorBrain.swift; sourceTree = "<group>"; };
		2561007B1F87B5F400C41C06 /* OutputViewController.swift */ = {isa = PBXFileReference; lastKnownFileType = sourcecode.swift; path = OutputViewController.swift; sourceTree = "<group>"; };
		2561007D1F87B75400C41C06 /* InputDigitsViewController.swift */ = {isa = PBXFileReference; lastKnownFileType = sourcecode.swift; path = InputDigitsViewController.swift; sourceTree = "<group>"; };
		256100811F87BE4300C41C06 /* DigitsDelegate.swift */ = {isa = PBXFileReference; lastKnownFileType = sourcecode.swift; path = DigitsDelegate.swift; sourceTree = "<group>"; };
		258CF41D1F8E396700987E14 /* RoundedButton.swift */ = {isa = PBXFileReference; lastKnownFileType = sourcecode.swift; path = RoundedButton.swift; sourceTree = "<group>"; };
		258CF41F1F8E50B300987E14 /* RoundedLabel.swift */ = {isa = PBXFileReference; lastKnownFileType = sourcecode.swift; path = RoundedLabel.swift; sourceTree = "<group>"; };
/* End PBXFileReference section */

/* Begin PBXFrameworksBuildPhase section */
		2561005E1F87844600C41C06 /* Frameworks */ = {
			isa = PBXFrameworksBuildPhase;
			buildActionMask = 2147483647;
			files = (
			);
			runOnlyForDeploymentPostprocessing = 0;
		};
/* End PBXFrameworksBuildPhase section */

/* Begin PBXGroup section */
		256100581F87844600C41C06 = {
			isa = PBXGroup;
			children = (
				256100631F87844600C41C06 /* CalcV3_0 */,
				256100621F87844600C41C06 /* Products */,
			);
			sourceTree = "<group>";
		};
		256100621F87844600C41C06 /* Products */ = {
			isa = PBXGroup;
			children = (
				256100611F87844600C41C06 /* CalcV3_0.app */,
			);
			name = Products;
			sourceTree = "<group>";
		};
		256100631F87844600C41C06 /* CalcV3_0 */ = {
			isa = PBXGroup;
			children = (
				256100641F87844600C41C06 /* AppDelegate.swift */,
				258CF41F1F8E50B300987E14 /* RoundedLabel.swift */,
				258CF41D1F8E396700987E14 /* RoundedButton.swift */,
				256100661F87844600C41C06 /* ViewController.swift */,
				256100681F87844600C41C06 /* Main.storyboard */,
				2561006E1F87844600C41C06 /* Assets.xcassets */,
				256100701F87844600C41C06 /* LaunchScreen.storyboard */,
				256100731F87844600C41C06 /* Info.plist */,
				2561006B1F87844600C41C06 /* CalcV3_0.xcdatamodeld */,
				256100791F87B51000C41C06 /* CalculatorBrain.swift */,
				2561007B1F87B5F400C41C06 /* OutputViewController.swift */,
				2561007D1F87B75400C41C06 /* InputDigitsViewController.swift */,
				256100811F87BE4300C41C06 /* DigitsDelegate.swift */,
			);
			path = CalcV3_0;
			sourceTree = "<group>";
		};
/* End PBXGroup section */

/* Begin PBXNativeTarget section */
		256100601F87844600C41C06 /* CalcV3_0 */ = {
			isa = PBXNativeTarget;
			buildConfigurationList = 256100761F87844600C41C06 /* Build configuration list for PBXNativeTarget "CalcV3_0" */;
			buildPhases = (
				2561005D1F87844600C41C06 /* Sources */,
				2561005E1F87844600C41C06 /* Frameworks */,
				2561005F1F87844600C41C06 /* Resources */,
			);
			buildRules = (
			);
			dependencies = (
			);
			name = CalcV3_0;
			productName = CalcV3_0;
			productReference = 256100611F87844600C41C06 /* CalcV3_0.app */;
			productType = "com.apple.product-type.application";
		};
/* End PBXNativeTarget section */

/* Begin PBXProject section */
		256100591F87844600C41C06 /* Project object */ = {
			isa = PBXProject;
			attributes = {
				KnownAssetTags = (
					Out1,
				);
				LastSwiftUpdateCheck = 0900;
				LastUpgradeCheck = 0900;
				ORGANIZATIONNAME = adminaccount;
				TargetAttributes = {
					256100601F87844600C41C06 = {
						CreatedOnToolsVersion = 9.0;
						ProvisioningStyle = Automatic;
					};
				};
			};
			buildConfigurationList = 2561005C1F87844600C41C06 /* Build configuration list for PBXProject "CalcV3_0" */;
			compatibilityVersion = "Xcode 8.0";
			developmentRegion = en;
			hasScannedForEncodings = 0;
			knownRegions = (
				en,
				Base,
			);
			mainGroup = 256100581F87844600C41C06;
			productRefGroup = 256100621F87844600C41C06 /* Products */;
			projectDirPath = "";
			projectRoot = "";
			targets = (
				256100601F87844600C41C06 /* CalcV3_0 */,
			);
		};
/* End PBXProject section */

/* Begin PBXResourcesBuildPhase section */
		2561005F1F87844600C41C06 /* Resources */ = {
			isa = PBXResourcesBuildPhase;
			buildActionMask = 2147483647;
			files = (
				256100721F87844600C41C06 /* LaunchScreen.storyboard in Resources */,
				2561006F1F87844600C41C06 /* Assets.xcassets in Resources */,
				2561006A1F87844600C41C06 /* Main.storyboard in Resources */,
			);
			runOnlyForDeploymentPostprocessing = 0;
		};
/* End PBXResourcesBuildPhase section */

/* Begin PBXSourcesBuildPhase section */
		2561005D1F87844600C41C06 /* Sources */ = {
			isa = PBXSourcesBuildPhase;
			buildActionMask = 2147483647;
			files = (
				2561007C1F87B5F400C41C06 /* OutputViewController.swift in Sources */,
				2561006D1F87844600C41C06 /* CalcV3_0.xcdatamodeld in Sources */,
				258CF4201F8E50B300987E14 /* RoundedLabel.swift in Sources */,
				256100671F87844600C41C06 /* ViewController.swift in Sources */,
				258CF41E1F8E396700987E14 /* RoundedButton.swift in Sources */,
				2561007E1F87B75400C41C06 /* InputDigitsViewController.swift in Sources */,
				256100821F87BE4300C41C06 /* DigitsDelegate.swift in Sources */,
				2561007A1F87B51000C41C06 /* CalculatorBrain.swift in Sources */,
				256100651F87844600C41C06 /* AppDelegate.swift in Sources */,
			);
			runOnlyForDeploymentPostprocessing = 0;
		};
/* End PBXSourcesBuildPhase section */

/* Begin PBXVariantGroup section */
		256100681F87844600C41C06 /* Main.storyboard */ = {
			isa = PBXVariantGroup;
			children = (
				256100691F87844600C41C06 /* Base */,
			);
			name = Main.storyboard;
			sourceTree = "<group>";
		};
		256100701F87844600C41C06 /* LaunchScreen.storyboard */ = {
			isa = PBXVariantGroup;
			children = (
				256100711F87844600C41C06 /* Base */,
			);
			name = LaunchScreen.storyboard;
			sourceTree = "<group>";
		};
/* End PBXVariantGroup section */

/* Begin XCBuildConfiguration section */
		256100741F87844600C41C06 /* Debug */ = {
			isa = XCBuildConfiguration;
			buildSettings = {
				ALWAYS_SEARCH_USER_PATHS = NO;
				CLANG_ANALYZER_NONNULL = YES;
				CLANG_ANALYZER_NUMBER_OBJECT_CONVERSION = YES_AGGRESSIVE;
				CLANG_CXX_LANGUAGE_STANDARD = "gnu++14";
				CLANG_CXX_LIBRARY = "libc++";
				CLANG_ENABLE_MODULES = YES;
				CLANG_ENABLE_OBJC_ARC = YES;
				CLANG_WARN_BLOCK_CAPTURE_AUTORELEASING = YES;
				CLANG_WARN_BOOL_CONVERSION = YES;
				CLANG_WARN_COMMA = YES;
				CLANG_WARN_CONSTANT_CONVERSION = YES;
				CLANG_WARN_DIRECT_OBJC_ISA_USAGE = YES_ERROR;
				CLANG_WARN_DOCUMENTATION_COMMENTS = YES;
				CLANG_WARN_EMPTY_BODY = YES;
				CLANG_WARN_ENUM_CONVERSION = YES;
				CLANG_WARN_INFINITE_RECURSION = YES;
				CLANG_WARN_INT_CONVERSION = YES;
				CLANG_WARN_NON_LITERAL_NULL_CONVERSION = YES;
				CLANG_WARN_OBJC_LITERAL_CONVERSION = YES;
				CLANG_WARN_OBJC_ROOT_CLASS = YES_ERROR;
				CLANG_WARN_RANGE_LOOP_ANALYSIS = YES;
				CLANG_WARN_STRICT_PROTOTYPES = YES;
				CLANG_WARN_SUSPICIOUS_MOVE = YES;
				CLANG_WARN_UNGUARDED_AVAILABILITY = YES_AGGRESSIVE;
				CLANG_WARN_UNREACHABLE_CODE = YES;
				CLANG_WARN__DUPLICATE_METHOD_MATCH = YES;
				CODE_SIGN_IDENTITY = "iPhone Developer";
				COPY_PHASE_STRIP = NO;
				DEBUG_INFORMATION_FORMAT = dwarf;
				ENABLE_STRICT_OBJC_MSGSEND = YES;
				ENABLE_TESTABILITY = YES;
				GCC_C_LANGUAGE_STANDARD = gnu11;
				GCC_DYNAMIC_NO_PIC = NO;
				GCC_NO_COMMON_BLOCKS = YES;
				GCC_OPTIMIZATION_LEVEL = 0;
				GCC_PREPROCESSOR_DEFINITIONS = (
					"DEBUG=1",
					"$(inherited)",
				);
				GCC_WARN_64_TO_32_BIT_CONVERSION = YES;
				GCC_WARN_ABOUT_RETURN_TYPE = YES_ERROR;
				GCC_WARN_UNDECLARED_SELECTOR = YES;
				GCC_WARN_UNINITIALIZED_AUTOS = YES_AGGRESSIVE;
				GCC_WARN_UNUSED_FUNCTION = YES;
				GCC_WARN_UNUSED_VARIABLE = YES;
				IPHONEOS_DEPLOYMENT_TARGET = 11.0;
				MTL_ENABLE_DEBUG_INFO = YES;
				ONLY_ACTIVE_ARCH = YES;
				SDKROOT = iphoneos;
				SWIFT_ACTIVE_COMPILATION_CONDITIONS = DEBUG;
				SWIFT_OPTIMIZATION_LEVEL = "-Onone";
			};
			name = Debug;
		};
		256100751F87844600C41C06 /* Release */ = {
			isa = XCBuildConfiguration;
			buildSettings = {
				ALWAYS_SEARCH_USER_PATHS = NO;
				CLANG_ANALYZER_NONNULL = YES;
				CLANG_ANALYZER_NUMBER_OBJECT_CONVERSION = YES_AGGRESSIVE;
				CLANG_CXX_LANGUAGE_STANDARD = "gnu++14";
				CLANG_CXX_LIBRARY = "libc++";
				CLANG_ENABLE_MODULES = YES;
				CLANG_ENABLE_OBJC_ARC = YES;
				CLANG_WARN_BLOCK_CAPTURE_AUTORELEASING = YES;
				CLANG_WARN_BOOL_CONVERSION = YES;
				CLANG_WARN_COMMA = YES;
				CLANG_WARN_CONSTANT_CONVERSION = YES;
				CLANG_WARN_DIRECT_OBJC_ISA_USAGE = YES_ERROR;
				CLANG_WARN_DOCUMENTATION_COMMENTS = YES;
				CLANG_WARN_EMPTY_BODY = YES;
				CLANG_WARN_ENUM_CONVERSION = YES;
				CLANG_WARN_INFINITE_RECURSION = YES;
				CLANG_WARN_INT_CONVERSION = YES;
				CLANG_WARN_NON_LITERAL_NULL_CONVERSION = YES;
				CLANG_WARN_OBJC_LITERAL_CONVERSION = YES;
				CLANG_WARN_OBJC_ROOT_CLASS = YES_ERROR;
				CLANG_WARN_RANGE_LOOP_ANALYSIS = YES;
				CLANG_WARN_STRICT_PROTOTYPES = YES;
				CLANG_WARN_SUSPICIOUS_MOVE = YES;
				CLANG_WARN_UNGUARDED_AVAILABILITY = YES_AGGRESSIVE;
				CLANG_WARN_UNREACHABLE_CODE = YES;
				CLANG_WARN__DUPLICATE_METHOD_MATCH = YES;
				CODE_SIGN_IDENTITY = "iPhone Developer";
				COPY_PHASE_STRIP = NO;
				DEBUG_INFORMATION_FORMAT = "dwarf-with-dsym";
				ENABLE_NS_ASSERTIONS = NO;
				ENABLE_STRICT_OBJC_MSGSEND = YES;
				GCC_C_LANGUAGE_STANDARD = gnu11;
				GCC_NO_COMMON_BLOCKS = YES;
				GCC_WARN_64_TO_32_BIT_CONVERSION = YES;
				GCC_WARN_ABOUT_RETURN_TYPE = YES_ERROR;
				GCC_WARN_UNDECLARED_SELECTOR = YES;
				GCC_WARN_UNINITIALIZED_AUTOS = YES_AGGRESSIVE;
				GCC_WARN_UNUSED_FUNCTION = YES;
				GCC_WARN_UNUSED_VARIABLE = YES;
				IPHONEOS_DEPLOYMENT_TARGET = 11.0;
				MTL_ENABLE_DEBUG_INFO = NO;
				SDKROOT = iphoneos;
				SWIFT_OPTIMIZATION_LEVEL = "-Owholemodule";
				VALIDATE_PRODUCT = YES;
			};
			name = Release;
		};
		256100771F87844600C41C06 /* Debug */ = {
			isa = XCBuildConfiguration;
			buildSettings = {
				ASSETCATALOG_COMPILER_APPICON_NAME = AppIcon;
				CODE_SIGN_STYLE = Automatic;
				INFOPLIST_FILE = CalcV3_0/Info.plist;
				LD_RUNPATH_SEARCH_PATHS = "$(inherited) @executable_path/Frameworks";
				PRODUCT_BUNDLE_IDENTIFIER = "ss.CalcV3-0";
				PRODUCT_NAME = "$(TARGET_NAME)";
				SWIFT_VERSION = 4.0;
				TARGETED_DEVICE_FAMILY = "1,2";
			};
			name = Debug;
		};
		256100781F87844600C41C06 /* Release */ = {
			isa = XCBuildConfiguration;
			buildSettings = {
				ASSETCATALOG_COMPILER_APPICON_NAME = AppIcon;
				CODE_SIGN_STYLE = Automatic;
				INFOPLIST_FILE = CalcV3_0/Info.plist;
				LD_RUNPATH_SEARCH_PATHS = "$(inherited) @executable_path/Frameworks";
				PRODUCT_BUNDLE_IDENTIFIER = "ss.CalcV3-0";
				PRODUCT_NAME = "$(TARGET_NAME)";
				SWIFT_VERSION = 4.0;
				TARGETED_DEVICE_FAMILY = "1,2";
			};
			name = Release;
		};
/* End XCBuildConfiguration section */

/* Begin XCConfigurationList section */
		2561005C1F87844600C41C06 /* Build configuration list for PBXProject "CalcV3_0" */ = {
			isa = XCConfigurationList;
			buildConfigurations = (
				256100741F87844600C41C06 /* Debug */,
				256100751F87844600C41C06 /* Release */,
			);
			defaultConfigurationIsVisible = 0;
			defaultConfigurationName = Release;
		};
		256100761F87844600C41C06 /* Build configuration list for PBXNativeTarget "CalcV3_0" */ = {
			isa = XCConfigurationList;
			buildConfigurations = (
				256100771F87844600C41C06 /* Debug */,
				256100781F87844600C41C06 /* Release */,
			);
			defaultConfigurationIsVisible = 0;
			defaultConfigurationName = Release;
		};
/* End XCConfigurationList section */

/* Begin XCVersionGroup section */
		2561006B1F87844600C41C06 /* CalcV3_0.xcdatamodeld */ = {
			isa = XCVersionGroup;
			children = (
				2561006C1F87844600C41C06 /* CalcV3_0.xcdatamodel */,
			);
			currentVersion = 2561006C1F87844600C41C06 /* CalcV3_0.xcdatamodel */;
			path = CalcV3_0.xcdatamodeld;
			sourceTree = "<group>";
			versionGroupType = wrapper.xcdatamodel;
		};
/* End XCVersionGroup section */
	};
	rootObject = 256100591F87844600C41C06 /* Project object */;
}
